// !$*UTF8*$!
{
	archiveVersion = 1;
	classes = {
	};
	objectVersion = 51;
	objects = {

/* Begin PBXBuildFile section */
		7416E42B24688B8D00336668 /* AppDelegate.swift in Sources */ = {isa = PBXBuildFile; fileRef = 7416E42A24688B8D00336668 /* AppDelegate.swift */; };
		7416E42D24688B8D00336668 /* SceneDelegate.swift in Sources */ = {isa = PBXBuildFile; fileRef = 7416E42C24688B8D00336668 /* SceneDelegate.swift */; };
		7416E42F24688B8D00336668 /* ViewController.swift in Sources */ = {isa = PBXBuildFile; fileRef = 7416E42E24688B8D00336668 /* ViewController.swift */; };
		7416E43224688B8D00336668 /* Main.storyboard in Resources */ = {isa = PBXBuildFile; fileRef = 7416E43024688B8D00336668 /* Main.storyboard */; };
		7416E43424688B8D00336668 /* Assets.xcassets in Resources */ = {isa = PBXBuildFile; fileRef = 7416E43324688B8D00336668 /* Assets.xcassets */; };
		7416E43724688B8D00336668 /* LaunchScreen.storyboard in Resources */ = {isa = PBXBuildFile; fileRef = 7416E43524688B8D00336668 /* LaunchScreen.storyboard */; };
		7492423D2468CFC700DE8037 /* Helper.swift in Sources */ = {isa = PBXBuildFile; fileRef = 7492423C2468CFC700DE8037 /* Helper.swift */; };
		7492423F2468F4D300DE8037 /* GlobalVar.swift in Sources */ = {isa = PBXBuildFile; fileRef = 7492423E2468F4D300DE8037 /* GlobalVar.swift */; };
/* End PBXBuildFile section */

/* Begin PBXFileReference section */
		7416E42724688B8D00336668 /* vizio-remote.app */ = {isa = PBXFileReference; explicitFileType = wrapper.application; includeInIndex = 0; path = "vizio-remote.app"; sourceTree = BUILT_PRODUCTS_DIR; };
		7416E42A24688B8D00336668 /* AppDelegate.swift */ = {isa = PBXFileReference; lastKnownFileType = sourcecode.swift; path = AppDelegate.swift; sourceTree = "<group>"; };
		7416E42C24688B8D00336668 /* SceneDelegate.swift */ = {isa = PBXFileReference; lastKnownFileType = sourcecode.swift; path = SceneDelegate.swift; sourceTree = "<group>"; };
		7416E42E24688B8D00336668 /* ViewController.swift */ = {isa = PBXFileReference; lastKnownFileType = sourcecode.swift; path = ViewController.swift; sourceTree = "<group>"; };
		7416E43124688B8D00336668 /* Base */ = {isa = PBXFileReference; lastKnownFileType = file.storyboard; name = Base; path = Base.lproj/Main.storyboard; sourceTree = "<group>"; };
		7416E43324688B8D00336668 /* Assets.xcassets */ = {isa = PBXFileReference; lastKnownFileType = folder.assetcatalog; path = Assets.xcassets; sourceTree = "<group>"; };
		7416E43624688B8D00336668 /* Base */ = {isa = PBXFileReference; lastKnownFileType = file.storyboard; name = Base; path = Base.lproj/LaunchScreen.storyboard; sourceTree = "<group>"; };
		7416E43824688B8D00336668 /* Info.plist */ = {isa = PBXFileReference; lastKnownFileType = text.plist.xml; path = Info.plist; sourceTree = "<group>"; };
		7492423C2468CFC700DE8037 /* Helper.swift */ = {isa = PBXFileReference; lastKnownFileType = sourcecode.swift; path = Helper.swift; sourceTree = "<group>"; };
		7492423E2468F4D300DE8037 /* GlobalVar.swift */ = {isa = PBXFileReference; lastKnownFileType = sourcecode.swift; path = GlobalVar.swift; sourceTree = "<group>"; };
/* End PBXFileReference section */

/* Begin PBXFrameworksBuildPhase section */
		7416E42424688B8D00336668 /* Frameworks */ = {
			isa = PBXFrameworksBuildPhase;
			buildActionMask = 2147483647;
			files = (
			);
			runOnlyForDeploymentPostprocessing = 0;
		};
/* End PBXFrameworksBuildPhase section */

/* Begin PBXGroup section */
		7416E41E24688B8D00336668 = {
			isa = PBXGroup;
			children = (
				7416E42924688B8D00336668 /* vizio-remote */,
				7416E42824688B8D00336668 /* Products */,
				D46B243931CEAF9682E7F32A /* Pods */,
			);
			sourceTree = "<group>";
		};
		7416E42824688B8D00336668 /* Products */ = {
			isa = PBXGroup;
			children = (
				7416E42724688B8D00336668 /* vizio-remote.app */,
			);
			name = Products;
			sourceTree = "<group>";
		};
		7416E42924688B8D00336668 /* vizio-remote */ = {
			isa = PBXGroup;
			children = (
				7416E42A24688B8D00336668 /* AppDelegate.swift */,
				7416E42C24688B8D00336668 /* SceneDelegate.swift */,
				7416E42E24688B8D00336668 /* ViewController.swift */,
				7416E43024688B8D00336668 /* Main.storyboard */,
				7492423C2468CFC700DE8037 /* Helper.swift */,
				7492423E2468F4D300DE8037 /* GlobalVar.swift */,
				7416E43324688B8D00336668 /* Assets.xcassets */,
				7416E43524688B8D00336668 /* LaunchScreen.storyboard */,
				7416E43824688B8D00336668 /* Info.plist */,
			);
			path = "vizio-remote";
			sourceTree = "<group>";
		};
		D46B243931CEAF9682E7F32A /* Pods */ = {
			isa = PBXGroup;
			children = (
			);
			path = Pods;
			sourceTree = "<group>";
		};
/* End PBXGroup section */

/* Begin PBXNativeTarget section */
		7416E42624688B8D00336668 /* vizio-remote */ = {
			isa = PBXNativeTarget;
			buildConfigurationList = 7416E43B24688B8D00336668 /* Build configuration list for PBXNativeTarget "vizio-remote" */;
			buildPhases = (
				7416E42324688B8D00336668 /* Sources */,
				7416E42424688B8D00336668 /* Frameworks */,
				7416E42524688B8D00336668 /* Resources */,
			);
			buildRules = (
			);
			dependencies = (
			);
			name = "vizio-remote";
			productName = "vizio-remote";
			productReference = 7416E42724688B8D00336668 /* vizio-remote.app */;
			productType = "com.apple.product-type.application";
		};
/* End PBXNativeTarget section */

/* Begin PBXProject section */
		7416E41F24688B8D00336668 /* Project object */ = {
			isa = PBXProject;
			attributes = {
				LastSwiftUpdateCheck = 1140;
				LastUpgradeCheck = 1140;
				ORGANIZATIONNAME = Ben;
				TargetAttributes = {
					7416E42624688B8D00336668 = {
						CreatedOnToolsVersion = 11.4.1;
					};
				};
			};
			buildConfigurationList = 7416E42224688B8D00336668 /* Build configuration list for PBXProject "vizio-remote" */;
			compatibilityVersion = "Xcode 9.3";
			developmentRegion = en;
			hasScannedForEncodings = 0;
			knownRegions = (
				en,
				Base,
			);
			mainGroup = 7416E41E24688B8D00336668;
			productRefGroup = 7416E42824688B8D00336668 /* Products */;
			projectDirPath = "";
			projectRoot = "";
			targets = (
				7416E42624688B8D00336668 /* vizio-remote */,
			);
		};
/* End PBXProject section */

/* Begin PBXResourcesBuildPhase section */
		7416E42524688B8D00336668 /* Resources */ = {
			isa = PBXResourcesBuildPhase;
			buildActionMask = 2147483647;
			files = (
				7416E43724688B8D00336668 /* LaunchScreen.storyboard in Resources */,
				7416E43424688B8D00336668 /* Assets.xcassets in Resources */,
				7416E43224688B8D00336668 /* Main.storyboard in Resources */,
			);
			runOnlyForDeploymentPostprocessing = 0;
		};
/* End PBXResourcesBuildPhase section */

/* Begin PBXSourcesBuildPhase section */
		7416E42324688B8D00336668 /* Sources */ = {
			isa = PBXSourcesBuildPhase;
			buildActionMask = 2147483647;
			files = (
				7492423F2468F4D300DE8037 /* GlobalVar.swift in Sources */,
				7416E42F24688B8D00336668 /* ViewController.swift in Sources */,
				7416E42B24688B8D00336668 /* AppDelegate.swift in Sources */,
				7416E42D24688B8D00336668 /* SceneDelegate.swift in Sources */,
				7492423D2468CFC700DE8037 /* Helper.swift in Sources */,
			);
			runOnlyForDeploymentPostprocessing = 0;
		};
/* End PBXSourcesBuildPhase section */

/* Begin PBXVariantGroup section */
		7416E43024688B8D00336668 /* Main.storyboard */ = {
			isa = PBXVariantGroup;
			children = (
				7416E43124688B8D00336668 /* Base */,
			);
			name = Main.storyboard;
			sourceTree = "<group>";
		};
		7416E43524688B8D00336668 /* LaunchScreen.storyboard */ = {
			isa = PBXVariantGroup;
			children = (
				7416E43624688B8D00336668 /* Base */,
			);
			name = LaunchScreen.storyboard;
			sourceTree = "<group>";
		};
/* End PBXVariantGroup section */

/* Begin XCBuildConfiguration section */
		7416E43924688B8D00336668 /* Debug */ = {
			isa = XCBuildConfiguration;
			buildSettings = {
				ALWAYS_SEARCH_USER_PATHS = NO;
				CLANG_ANALYZER_NONNULL = YES;
				CLANG_ANALYZER_NUMBER_OBJECT_CONVERSION = YES_AGGRESSIVE;
				CLANG_CXX_LANGUAGE_STANDARD = "gnu++14";
				CLANG_CXX_LIBRARY = "libc++";
				CLANG_ENABLE_MODULES = YES;
				CLANG_ENABLE_OBJC_ARC = YES;
				CLANG_ENABLE_OBJC_WEAK = YES;
				CLANG_WARN_BLOCK_CAPTURE_AUTORELEASING = YES;
				CLANG_WARN_BOOL_CONVERSION = YES;
				CLANG_WARN_COMMA = YES;
				CLANG_WARN_CONSTANT_CONVERSION = YES;
				CLANG_WARN_DEPRECATED_OBJC_IMPLEMENTATIONS = YES;
				CLANG_WARN_DIRECT_OBJC_ISA_USAGE = YES_ERROR;
				CLANG_WARN_DOCUMENTATION_COMMENTS = YES;
				CLANG_WARN_EMPTY_BODY = YES;
				CLANG_WARN_ENUM_CONVERSION = YES;
				CLANG_WARN_INFINITE_RECURSION = YES;
				CLANG_WARN_INT_CONVERSION = YES;
				CLANG_WARN_NON_LITERAL_NULL_CONVERSION = YES;
				CLANG_WARN_OBJC_IMPLICIT_RETAIN_SELF = YES;
				CLANG_WARN_OBJC_LITERAL_CONVERSION = YES;
				CLANG_WARN_OBJC_ROOT_CLASS = YES_ERROR;
				CLANG_WARN_RANGE_LOOP_ANALYSIS = YES;
				CLANG_WARN_STRICT_PROTOTYPES = YES;
				CLANG_WARN_SUSPICIOUS_MOVE = YES;
				CLANG_WARN_UNGUARDED_AVAILABILITY = YES_AGGRESSIVE;
				CLANG_WARN_UNREACHABLE_CODE = YES;
				CLANG_WARN__DUPLICATE_METHOD_MATCH = YES;
				COPY_PHASE_STRIP = NO;
				DEBUG_INFORMATION_FORMAT = dwarf;
				ENABLE_STRICT_OBJC_MSGSEND = YES;
				ENABLE_TESTABILITY = YES;
				GCC_C_LANGUAGE_STANDARD = gnu11;
				GCC_DYNAMIC_NO_PIC = NO;
				GCC_NO_COMMON_BLOCKS = YES;
				GCC_OPTIMIZATION_LEVEL = 0;
				GCC_PREPROCESSOR_DEFINITIONS = (
					"DEBUG=1",
					"$(inherited)",
				);
				GCC_WARN_64_TO_32_BIT_CONVERSION = YES;
				GCC_WARN_ABOUT_RETURN_TYPE = YES_ERROR;
				GCC_WARN_UNDECLARED_SELECTOR = YES;
				GCC_WARN_UNINITIALIZED_AUTOS = YES_AGGRESSIVE;
				GCC_WARN_UNUSED_FUNCTION = YES;
				GCC_WARN_UNUSED_VARIABLE = YES;
				IPHONEOS_DEPLOYMENT_TARGET = 13.4;
				MTL_ENABLE_DEBUG_INFO = INCLUDE_SOURCE;
				MTL_FAST_MATH = YES;
				ONLY_ACTIVE_ARCH = YES;
				SDKROOT = iphoneos;
				SWIFT_ACTIVE_COMPILATION_CONDITIONS = DEBUG;
				SWIFT_OPTIMIZATION_LEVEL = "-Onone";
			};
			name = Debug;
		};
		7416E43C24688B8D00336668 /* Debug */ = {
			isa = XCBuildConfiguration;
			buildSettings = {
				ASSETCATALOG_COMPILER_APPICON_NAME = AppIcon;
				CODE_SIGN_STYLE = Automatic;
				DEVELOPMENT_TEAM = 95WPV9DSGE;
				INFOPLIST_FILE = "vizio-remote/Info.plist";
				IPHONEOS_DEPLOYMENT_TARGET = 13.1;
				LD_RUNPATH_SEARCH_PATHS = (
					"$(inherited)",
					"@executable_path/Frameworks",
				);
				PRODUCT_BUNDLE_IDENTIFIER = "mini-enterprises.vizio-remote";
				PRODUCT_NAME = "$(TARGET_NAME)";
				SWIFT_VERSION = 5.0;
				TARGETED_DEVICE_FAMILY = 1;
			};
			name = Debug;
		};
/* End XCBuildConfiguration section */

/* Begin XCConfigurationList section */
		7416E42224688B8D00336668 /* Build configuration list for PBXProject "vizio-remote" */ = {
			isa = XCConfigurationList;
			buildConfigurations = (
				7416E43924688B8D00336668 /* Debug */,
			);
			defaultConfigurationIsVisible = 0;
			defaultConfigurationName = Debug;
		};
		7416E43B24688B8D00336668 /* Build configuration list for PBXNativeTarget "vizio-remote" */ = {
			isa = XCConfigurationList;
			buildConfigurations = (
				7416E43C24688B8D00336668 /* Debug */,
			);
			defaultConfigurationIsVisible = 0;
			defaultConfigurationName = Debug;
		};
/* End XCConfigurationList section */
	};
	rootObject = 7416E41F24688B8D00336668 /* Project object */;
}
